Microsoft Visual Studio Solution File, Format Version 12.00
# Visual Studio Version 17
VisualStudioVersion = 17.5.2.0
MinimumVisualStudioVersion = 10.0.40219.1
Project("{FAE04EC0-301F-11D3-BF4B-00C04F79EFBC}") = "Tasin.Website", "Tasin.Website.csproj", "{FFCE9831-01CA-0EBA-B90E-CA06A8EBF406}"
EndProject
Global
	GlobalSection(SolutionConfigurationPlatforms) = preSolution
		Debug|Any CPU = Debug|Any CPU
		Release|Any CPU = Release|Any CPU
	EndGlobalSection
	GlobalSection(ProjectConfigurationPlatforms) = postSolution
		{FFCE9831-01CA-0EBA-B90E-CA06A8EBF406}.Debug|Any CPU.ActiveCfg = Debug|Any CPU
		{FFCE9831-01CA-0EBA-B90E-CA06A8EBF406}.Debug|Any CPU.Build.0 = Debug|Any CPU
		{FFCE9831-01CA-0EBA-B90E-CA06A8EBF406}.Release|Any CPU.ActiveCfg = Release|Any CPU
		{FFCE9831-01CA-0EBA-B90E-CA06A8EBF406}.Release|Any CPU.Build.0 = Release|Any CPU
	EndGlobalSection
	GlobalSection(SolutionProperties) = preSolution
		HideSolutionNode = FALSE
	EndGlobalSection
	GlobalSection(ExtensibilityGlobals) = postSolution
		SolutionGuid = {60C6B474-C8CB-4496-BAA3-BBE0C90D6595}
	EndGlobalSection
EndGlobal
